
Microsoft Visual Studio Solution File, Format Version 12.00
# Visual Studio Version 17
VisualStudioVersion = 17.8.34322.80
MinimumVisualStudioVersion = 10.0.40219.1
Project("{9A19103F-16F7-4668-BE54-9A1E7A4F7556}") = "Application-Layer", "Application-Layer\Application-Layer.csproj", "{C2510920-F969-4935-B954-371D084A32BD}"
EndProject
Project("{9A19103F-16F7-4668-BE54-9A1E7A4F7556}") = "Domain-Layer", "Domain-Layer\Domain-Layer.csproj", "{249CA95C-BD83-41DC-8E76-F136A517F5EE}"
EndProject
Project("{9A19103F-16F7-4668-BE54-9A1E7A4F7556}") = "Infrastructure-Layer", "Infrastructure-Layer\Infrastructure-Layer.csproj", "{84EE79A9-DB67-4269-8505-68E2E53330CC}"
EndProject
Project("{9A19103F-16F7-4668-BE54-9A1E7A4F7556}") = "Test-Layer", "Test-Layer\Test-Layer.csproj", "{DC196A30-F8E1-410D-826A-21CD608D4581}"
EndProject
Project("{2150E333-8FDC-42A3-9474-1A3956D46DE8}") = "Presentation-Layer", "Presentation-Layer", "{49717DCB-05B2-4309-A955-C72462D7D5B9}"
EndProject
Project("{9A19103F-16F7-4668-BE54-9A1E7A4F7556}") = "BlazorApp", "BlazorApp\BlazorApp.csproj", "{20385379-FC15-40A8-B6DA-FF4B53EA7F30}"
	ProjectSection(ProjectDependencies) = postProject
		{02B45866-F2FB-4622-B377-57A2A44CF034} = {02B45866-F2FB-4622-B377-57A2A44CF034}
	EndProjectSection
EndProject
Project("{9A19103F-16F7-4668-BE54-9A1E7A4F7556}") = "Shared-Layer", "Shared-Layer\Shared-Layer.csproj", "{02B45866-F2FB-4622-B377-57A2A44CF034}"
	ProjectSection(ProjectDependencies) = postProject
		{249CA95C-BD83-41DC-8E76-F136A517F5EE} = {249CA95C-BD83-41DC-8E76-F136A517F5EE}
	EndProjectSection
EndProject
Global
	GlobalSection(SolutionConfigurationPlatforms) = preSolution
		Debug|Any CPU = Debug|Any CPU
		Release|Any CPU = Release|Any CPU
	EndGlobalSection
	GlobalSection(ProjectConfigurationPlatforms) = postSolution
		{C2510920-F969-4935-B954-371D084A32BD}.Debug|Any CPU.ActiveCfg = Debug|Any CPU
		{C2510920-F969-4935-B954-371D084A32BD}.Debug|Any CPU.Build.0 = Debug|Any CPU
		{C2510920-F969-4935-B954-371D084A32BD}.Release|Any CPU.ActiveCfg = Release|Any CPU
		{C2510920-F969-4935-B954-371D084A32BD}.Release|Any CPU.Build.0 = Release|Any CPU
		{249CA95C-BD83-41DC-8E76-F136A517F5EE}.Debug|Any CPU.ActiveCfg = Debug|Any CPU
		{249CA95C-BD83-41DC-8E76-F136A517F5EE}.Debug|Any CPU.Build.0 = Debug|Any CPU
		{249CA95C-BD83-41DC-8E76-F136A517F5EE}.Release|Any CPU.ActiveCfg = Release|Any CPU
		{249CA95C-BD83-41DC-8E76-F136A517F5EE}.Release|Any CPU.Build.0 = Release|Any CPU
		{84EE79A9-DB67-4269-8505-68E2E53330CC}.Debug|Any CPU.ActiveCfg = Debug|Any CPU
		{84EE79A9-DB67-4269-8505-68E2E53330CC}.Debug|Any CPU.Build.0 = Debug|Any CPU
		{84EE79A9-DB67-4269-8505-68E2E53330CC}.Release|Any CPU.ActiveCfg = Release|Any CPU
		{84EE79A9-DB67-4269-8505-68E2E53330CC}.Release|Any CPU.Build.0 = Release|Any CPU
		{DC196A30-F8E1-410D-826A-21CD608D4581}.Debug|Any CPU.ActiveCfg = Debug|Any CPU
		{DC196A30-F8E1-410D-826A-21CD608D4581}.Debug|Any CPU.Build.0 = Debug|Any CPU
		{DC196A30-F8E1-410D-826A-21CD608D4581}.Release|Any CPU.ActiveCfg = Release|Any CPU
		{DC196A30-F8E1-410D-826A-21CD608D4581}.Release|Any CPU.Build.0 = Release|Any CPU
		{20385379-FC15-40A8-B6DA-FF4B53EA7F30}.Debug|Any CPU.ActiveCfg = Debug|Any CPU
		{20385379-FC15-40A8-B6DA-FF4B53EA7F30}.Debug|Any CPU.Build.0 = Debug|Any CPU
		{20385379-FC15-40A8-B6DA-FF4B53EA7F30}.Release|Any CPU.ActiveCfg = Release|Any CPU
		{20385379-FC15-40A8-B6DA-FF4B53EA7F30}.Release|Any CPU.Build.0 = Release|Any CPU
		{02B45866-F2FB-4622-B377-57A2A44CF034}.Debug|Any CPU.ActiveCfg = Debug|Any CPU
		{02B45866-F2FB-4622-B377-57A2A44CF034}.Debug|Any CPU.Build.0 = Debug|Any CPU
		{02B45866-F2FB-4622-B377-57A2A44CF034}.Release|Any CPU.ActiveCfg = Release|Any CPU
		{02B45866-F2FB-4622-B377-57A2A44CF034}.Release|Any CPU.Build.0 = Release|Any CPU
	EndGlobalSection
	GlobalSection(SolutionProperties) = preSolution
		HideSolutionNode = FALSE
	EndGlobalSection
	GlobalSection(NestedProjects) = preSolution
		{20385379-FC15-40A8-B6DA-FF4B53EA7F30} = {49717DCB-05B2-4309-A955-C72462D7D5B9}
	EndGlobalSection
	GlobalSection(ExtensibilityGlobals) = postSolution
		SolutionGuid = {1AD2B064-6E41-4D84-A990-528C3EAAE3C3}
	EndGlobalSection
EndGlobal
